
Microsoft Visual Studio Solution File, Format Version 12.00
# Visual Studio 15
VisualStudioVersion = 15.0.28307.539
MinimumVisualStudioVersion = 10.0.40219.1
Project("{FAE04EC0-301F-11D3-BF4B-00C04F79EFBC}") = "ArupConsoleService", "ArupConsoleService\ArupConsoleService.csproj", "{BD36E113-3A40-4F0E-B59D-3CACE1277B19}"
EndProject
Project("{FAE04EC0-301F-11D3-BF4B-00C04F79EFBC}") = "Client", "Client\Client.csproj", "{483544DD-F4CA-4866-8ED1-7154056DA3CB}"
EndProject
Global
	GlobalSection(SolutionConfigurationPlatforms) = preSolution
		Debug|Any CPU = Debug|Any CPU
		Release|Any CPU = Release|Any CPU
	EndGlobalSection
	GlobalSection(ProjectConfigurationPlatforms) = postSolution
		{BD36E113-3A40-4F0E-B59D-3CACE1277B19}.Debug|Any CPU.ActiveCfg = Debug|Any CPU
		{BD36E113-3A40-4F0E-B59D-3CACE1277B19}.Debug|Any CPU.Build.0 = Debug|Any CPU
		{BD36E113-3A40-4F0E-B59D-3CACE1277B19}.Release|Any CPU.ActiveCfg = Release|Any CPU
		{BD36E113-3A40-4F0E-B59D-3CACE1277B19}.Release|Any CPU.Build.0 = Release|Any CPU
		{483544DD-F4CA-4866-8ED1-7154056DA3CB}.Debug|Any CPU.ActiveCfg = Debug|Any CPU
		{483544DD-F4CA-4866-8ED1-7154056DA3CB}.Debug|Any CPU.Build.0 = Debug|Any CPU
		{483544DD-F4CA-4866-8ED1-7154056DA3CB}.Release|Any CPU.ActiveCfg = Release|Any CPU
		{483544DD-F4CA-4866-8ED1-7154056DA3CB}.Release|Any CPU.Build.0 = Release|Any CPU
	EndGlobalSection
	GlobalSection(SolutionProperties) = preSolution
		HideSolutionNode = FALSE
	EndGlobalSection
	GlobalSection(ExtensibilityGlobals) = postSolution
		SolutionGuid = {5B8025C0-DCF8-4972-A8AA-02966ED01F3D}
	EndGlobalSection
EndGlobal
